// !$*UTF8*$!
{
	archiveVersion = 1;
	classes = {
	};
	objectVersion = 46;
	objects = {

/* Begin PBXBuildFile section */
		C191CE861BE50E5200F9A6F4 /* main.m in Sources */ = {isa = PBXBuildFile; fileRef = C191CE851BE50E5200F9A6F4 /* main.m */; };
		C191CE891BE50E5200F9A6F4 /* AppDelegate.m in Sources */ = {isa = PBXBuildFile; fileRef = C191CE881BE50E5200F9A6F4 /* AppDelegate.m */; };
		C191CE8C1BE50E5200F9A6F4 /* ViewController.m in Sources */ = {isa = PBXBuildFile; fileRef = C191CE8B1BE50E5200F9A6F4 /* ViewController.m */; };
		C191CE8F1BE50E5200F9A6F4 /* Main.storyboard in Resources */ = {isa = PBXBuildFile; fileRef = C191CE8D1BE50E5200F9A6F4 /* Main.storyboard */; };
		C191CE911BE50E5200F9A6F4 /* Images.xcassets in Resources */ = {isa = PBXBuildFile; fileRef = C191CE901BE50E5200F9A6F4 /* Images.xcassets */; };
		C191CE941BE50E5200F9A6F4 /* LaunchScreen.xib in Resources */ = {isa = PBXBuildFile; fileRef = C191CE921BE50E5200F9A6F4 /* LaunchScreen.xib */; };
		C191CEA01BE50E5200F9A6F4 /* _23Tests.m in Sources */ = {isa = PBXBuildFile; fileRef = C191CE9F1BE50E5200F9A6F4 /* _23Tests.m */; };
/* End PBXBuildFile section */

/* Begin PBXContainerItemProxy section */
		C191CE9A1BE50E5200F9A6F4 /* PBXContainerItemProxy */ = {
			isa = PBXContainerItemProxy;
			containerPortal = C191CE781BE50E5200F9A6F4 /* Project object */;
			proxyType = 1;
			remoteGlobalIDString = C191CE7F1BE50E5200F9A6F4;
			remoteInfo = 123;
		};
/* End PBXContainerItemProxy section */

/* Begin PBXFileReference section */
		C191CE801BE50E5200F9A6F4 /* 123.app */ = {isa = PBXFileReference; explicitFileType = wrapper.application; includeInIndex = 0; path = 123.app; sourceTree = BUILT_PRODUCTS_DIR; };
		C191CE841BE50E5200F9A6F4 /* Info.plist */ = {isa = PBXFileReference; lastKnownFileType = text.plist.xml; path = Info.plist; sourceTree = "<group>"; };
		C191CE851BE50E5200F9A6F4 /* main.m */ = {isa = PBXFileReference; lastKnownFileType = sourcecode.c.objc; path = main.m; sourceTree = "<group>"; };
		C191CE871BE50E5200F9A6F4 /* AppDelegate.h */ = {isa = PBXFileReference; lastKnownFileType = sourcecode.c.h; path = AppDelegate.h; sourceTree = "<group>"; };
		C191CE881BE50E5200F9A6F4 /* AppDelegate.m */ = {isa = PBXFileReference; lastKnownFileType = sourcecode.c.objc; path = AppDelegate.m; sourceTree = "<group>"; };
		C191CE8A1BE50E5200F9A6F4 /* ViewController.h */ = {isa = PBXFileReference; lastKnownFileType = sourcecode.c.h; path = ViewController.h; sourceTree = "<group>"; };
		C191CE8B1BE50E5200F9A6F4 /* ViewController.m */ = {isa = PBXFileReference; lastKnownFileType = sourcecode.c.objc; path = ViewController.m; sourceTree = "<group>"; };
		C191CE8E1BE50E5200F9A6F4 /* Base */ = {isa = PBXFileReference; lastKnownFileType = file.storyboard; name = Base; path = Base.lproj/Main.storyboard; sourceTree = "<group>"; };
		C191CE901BE50E5200F9A6F4 /* Images.xcassets */ = {isa = PBXFileReference; lastKnownFileType = folder.assetcatalog; path = Images.xcassets; sourceTree = "<group>"; };
		C191CE931BE50E5200F9A6F4 /* Base */ = {isa = PBXFileReference; lastKnownFileType = file.xib; name = Base; path = Base.lproj/LaunchScreen.xib; sourceTree = "<group>"; };
		C191CE991BE50E5200F9A6F4 /* 123Tests.xctest */ = {isa = PBXFileReference; explicitFileType = wrapper.cfbundle; includeInIndex = 0; path = 123Tests.xctest; sourceTree = BUILT_PRODUCTS_DIR; };
		C191CE9E1BE50E5200F9A6F4 /* Info.plist */ = {isa = PBXFileReference; lastKnownFileType = text.plist.xml; path = Info.plist; sourceTree = "<group>"; };
		C191CE9F1BE50E5200F9A6F4 /* _23Tests.m */ = {isa = PBXFileReference; lastKnownFileType = sourcecode.c.objc; path = _23Tests.m; sourceTree = "<group>"; };
/* End PBXFileReference section */

/* Begin PBXFrameworksBuildPhase section */
		C191CE7D1BE50E5200F9A6F4 /* Frameworks */ = {
			isa = PBXFrameworksBuildPhase;
			buildActionMask = 2147483647;
			files = (
			);
			runOnlyForDeploymentPostprocessing = 0;
		};
		C191CE961BE50E5200F9A6F4 /* Frameworks */ = {
			isa = PBXFrameworksBuildPhase;
			buildActionMask = 2147483647;
			files = (
			);
			runOnlyForDeploymentPostprocessing = 0;
		};
/* End PBXFrameworksBuildPhase section */

/* Begin PBXGroup section */
		C191CE771BE50E5200F9A6F4 = {
			isa = PBXGroup;
			children = (
				C191CE821BE50E5200F9A6F4 /* 123 */,
				C191CE9C1BE50E5200F9A6F4 /* 123Tests */,
				C191CE811BE50E5200F9A6F4 /* Products */,
			);
			sourceTree = "<group>";
		};
		C191CE811BE50E5200F9A6F4 /* Products */ = {
			isa = PBXGroup;
			children = (
				C191CE801BE50E5200F9A6F4 /* 123.app */,
				C191CE991BE50E5200F9A6F4 /* 123Tests.xctest */,
			);
			name = Products;
			sourceTree = "<group>";
		};
		C191CE821BE50E5200F9A6F4 /* 123 */ = {
			isa = PBXGroup;
			children = (
				C191CE871BE50E5200F9A6F4 /* AppDelegate.h */,
				C191CE881BE50E5200F9A6F4 /* AppDelegate.m */,
				C191CE8A1BE50E5200F9A6F4 /* ViewController.h */,
				C191CE8B1BE50E5200F9A6F4 /* ViewController.m */,
				C191CE8D1BE50E5200F9A6F4 /* Main.storyboard */,
				C191CE901BE50E5200F9A6F4 /* Images.xcassets */,
				C191CE921BE50E5200F9A6F4 /* LaunchScreen.xib */,
				C191CE831BE50E5200F9A6F4 /* Supporting Files */,
			);
			path = 123;
			sourceTree = "<group>";
		};
		C191CE831BE50E5200F9A6F4 /* Supporting Files */ = {
			isa = PBXGroup;
			children = (
				C191CE841BE50E5200F9A6F4 /* Info.plist */,
				C191CE851BE50E5200F9A6F4 /* main.m */,
			);
			name = "Supporting Files";
			sourceTree = "<group>";
		};
		C191CE9C1BE50E5200F9A6F4 /* 123Tests */ = {
			isa = PBXGroup;
			children = (
				C191CE9F1BE50E5200F9A6F4 /* _23Tests.m */,
				C191CE9D1BE50E5200F9A6F4 /* Supporting Files */,
			);
			path = 123Tests;
			sourceTree = "<group>";
		};
		C191CE9D1BE50E5200F9A6F4 /* Supporting Files */ = {
			isa = PBXGroup;
			children = (
				C191CE9E1BE50E5200F9A6F4 /* Info.plist */,
			);
			name = "Supporting Files";
			sourceTree = "<group>";
		};
/* End PBXGroup section */

/* Begin PBXNativeTarget section */
		C191CE7F1BE50E5200F9A6F4 /* 123 */ = {
			isa = PBXNativeTarget;
			buildConfigurationList = C191CEA31BE50E5300F9A6F4 /* Build configuration list for PBXNativeTarget "123" */;
			buildPhases = (
				C191CE7C1BE50E5200F9A6F4 /* Sources */,
				C191CE7D1BE50E5200F9A6F4 /* Frameworks */,
				C191CE7E1BE50E5200F9A6F4 /* Resources */,
			);
			buildRules = (
			);
			dependencies = (
			);
			name = 123;
			productName = 123;
			productReference = C191CE801BE50E5200F9A6F4 /* 123.app */;
			productType = "com.apple.product-type.application";
		};
		C191CE981BE50E5200F9A6F4 /* 123Tests */ = {
			isa = PBXNativeTarget;
			buildConfigurationList = C191CEA61BE50E5300F9A6F4 /* Build configuration list for PBXNativeTarget "123Tests" */;
			buildPhases = (
				C191CE951BE50E5200F9A6F4 /* Sources */,
				C191CE961BE50E5200F9A6F4 /* Frameworks */,
				C191CE971BE50E5200F9A6F4 /* Resources */,
			);
			buildRules = (
			);
			dependencies = (
				C191CE9B1BE50E5200F9A6F4 /* PBXTargetDependency */,
			);
			name = 123Tests;
			productName = 123Tests;
			productReference = C191CE991BE50E5200F9A6F4 /* 123Tests.xctest */;
			productType = "com.apple.product-type.bundle.unit-test";
		};
/* End PBXNativeTarget section */

/* Begin PBXProject section */
		C191CE781BE50E5200F9A6F4 /* Project object */ = {
			isa = PBXProject;
			attributes = {
				LastUpgradeCheck = 0630;
				ORGANIZATIONNAME = niuhenglei;
				TargetAttributes = {
					C191CE7F1BE50E5200F9A6F4 = {
						CreatedOnToolsVersion = 6.3.2;
					};
					C191CE981BE50E5200F9A6F4 = {
						CreatedOnToolsVersion = 6.3.2;
						TestTargetID = C191CE7F1BE50E5200F9A6F4;
					};
				};
			};
			buildConfigurationList = C191CE7B1BE50E5200F9A6F4 /* Build configuration list for PBXProject "123" */;
			compatibilityVersion = "Xcode 3.2";
			developmentRegion = English;
			hasScannedForEncodings = 0;
			knownRegions = (
				en,
				Base,
			);
			mainGroup = C191CE771BE50E5200F9A6F4;
			productRefGroup = C191CE811BE50E5200F9A6F4 /* Products */;
			projectDirPath = "";
			projectRoot = "";
			targets = (
				C191CE7F1BE50E5200F9A6F4 /* 123 */,
				C191CE981BE50E5200F9A6F4 /* 123Tests */,
			);
		};
/* End PBXProject section */

/* Begin PBXResourcesBuildPhase section */
		C191CE7E1BE50E5200F9A6F4 /* Resources */ = {
			isa = PBXResourcesBuildPhase;
			buildActionMask = 2147483647;
			files = (
				C191CE8F1BE50E5200F9A6F4 /* Main.storyboard in Resources */,
				C191CE941BE50E5200F9A6F4 /* LaunchScreen.xib in Resources */,
				C191CE911BE50E5200F9A6F4 /* Images.xcassets in Resources */,
			);
			runOnlyForDeploymentPostprocessing = 0;
		};
		C191CE971BE50E5200F9A6F4 /* Resources */ = {
			isa = PBXResourcesBuildPhase;
			buildActionMask = 2147483647;
			files = (
			);
			runOnlyForDeploymentPostprocessing = 0;
		};
/* End PBXResourcesBuildPhase section */

/* Begin PBXSourcesBuildPhase section */
		C191CE7C1BE50E5200F9A6F4 /* Sources */ = {
			isa = PBXSourcesBuildPhase;
			buildActionMask = 2147483647;
			files = (
				C191CE8C1BE50E5200F9A6F4 /* ViewController.m in Sources */,
				C191CE891BE50E5200F9A6F4 /* AppDelegate.m in Sources */,
				C191CE861BE50E5200F9A6F4 /* main.m in Sources */,
			);
			runOnlyForDeploymentPostprocessing = 0;
		};
		C191CE951BE50E5200F9A6F4 /* Sources */ = {
			isa = PBXSourcesBuildPhase;
			buildActionMask = 2147483647;
			files = (
				C191CEA01BE50E5200F9A6F4 /* _23Tests.m in Sources */,
			);
			runOnlyForDeploymentPostprocessing = 0;
		};
/* End PBXSourcesBuildPhase section */

/* Begin PBXTargetDependency section */
		C191CE9B1BE50E5200F9A6F4 /* PBXTargetDependency */ = {
			isa = PBXTargetDependency;
			target = C191CE7F1BE50E5200F9A6F4 /* 123 */;
			targetProxy = C191CE9A1BE50E5200F9A6F4 /* PBXContainerItemProxy */;
		};
/* End PBXTargetDependency section */

/* Begin PBXVariantGroup section */
		C191CE8D1BE50E5200F9A6F4 /* Main.storyboard */ = {
			isa = PBXVariantGroup;
			children = (
				C191CE8E1BE50E5200F9A6F4 /* Base */,
			);
			name = Main.storyboard;
			sourceTree = "<group>";
		};
		C191CE921BE50E5200F9A6F4 /* LaunchScreen.xib */ = {
			isa = PBXVariantGroup;
			children = (
				C191CE931BE50E5200F9A6F4 /* Base */,
			);
			name = LaunchScreen.xib;
			sourceTree = "<group>";
		};
/* End PBXVariantGroup section */

/* Begin XCBuildConfiguration section */
		C191CEA11BE50E5300F9A6F4 /* Debug */ = {
			isa = XCBuildConfiguration;
			buildSettings = {
				ALWAYS_SEARCH_USER_PATHS = NO;
				CLANG_CXX_LANGUAGE_STANDARD = "gnu++0x";
				CLANG_CXX_LIBRARY = "libc++";
				CLANG_ENABLE_MODULES = YES;
				CLANG_ENABLE_OBJC_ARC = YES;
				CLANG_WARN_BOOL_CONVERSION = YES;
				CLANG_WARN_CONSTANT_CONVERSION = YES;
				CLANG_WARN_DIRECT_OBJC_ISA_USAGE = YES_ERROR;
				CLANG_WARN_EMPTY_BODY = YES;
				CLANG_WARN_ENUM_CONVERSION = YES;
				CLANG_WARN_INT_CONVERSION = YES;
				CLANG_WARN_OBJC_ROOT_CLASS = YES_ERROR;
				CLANG_WARN_UNREACHABLE_CODE = YES;
				CLANG_WARN__DUPLICATE_METHOD_MATCH = YES;
				"CODE_SIGN_IDENTITY[sdk=iphoneos*]" = "iPhone Developer";
				COPY_PHASE_STRIP = NO;
				DEBUG_INFORMATION_FORMAT = "dwarf-with-dsym";
				ENABLE_STRICT_OBJC_MSGSEND = YES;
				GCC_C_LANGUAGE_STANDARD = gnu99;
				GCC_DYNAMIC_NO_PIC = NO;
				GCC_NO_COMMON_BLOCKS = YES;
				GCC_OPTIMIZATION_LEVEL = 0;
				GCC_PREPROCESSOR_DEFINITIONS = (
					"DEBUG=1",
					"$(inherited)",
				);
				GCC_SYMBOLS_PRIVATE_EXTERN = NO;
				GCC_WARN_64_TO_32_BIT_CONVERSION = YES;
				GCC_WARN_ABOUT_RETURN_TYPE = YES_ERROR;
				GCC_WARN_UNDECLARED_SELECTOR = YES;
				GCC_WARN_UNINITIALIZED_AUTOS = YES_AGGRESSIVE;
				GCC_WARN_UNUSED_FUNCTION = YES;
				GCC_WARN_UNUSED_VARIABLE = YES;
				IPHONEOS_DEPLOYMENT_TARGET = 8.3;
				MTL_ENABLE_DEBUG_INFO = YES;
				ONLY_ACTIVE_ARCH = YES;
				SDKROOT = iphoneos;
				TARGETED_DEVICE_FAMILY = "1,2";
			};
			name = Debug;
		};
		C191CEA21BE50E5300F9A6F4 /* Release */ = {
			isa = XCBuildConfiguration;
			buildSettings = {
				ALWAYS_SEARCH_USER_PATHS = NO;
				CLANG_CXX_LANGUAGE_STANDARD = "gnu++0x";
				CLANG_CXX_LIBRARY = "libc++";
				CLANG_ENABLE_MODULES = YES;
				CLANG_ENABLE_OBJC_ARC = YES;
				CLANG_WARN_BOOL_CONVERSION = YES;
				CLANG_WARN_CONSTANT_CONVERSION = YES;
				CLANG_WARN_DIRECT_OBJC_ISA_USAGE = YES_ERROR;
				CLANG_WARN_EMPTY_BODY = YES;
				CLANG_WARN_ENUM_CONVERSION = YES;
				CLANG_WARN_INT_CONVERSION = YES;
				CLANG_WARN_OBJC_ROOT_CLASS = YES_ERROR;
				CLANG_WARN_UNREACHABLE_CODE = YES;
				CLANG_WARN__DUPLICATE_METHOD_MATCH = YES;
				"CODE_SIGN_IDENTITY[sdk=iphoneos*]" = "iPhone Developer";
				COPY_PHASE_STRIP = NO;
				DEBUG_INFORMATION_FORMAT = "dwarf-with-dsym";
				ENABLE_NS_ASSERTIONS = NO;
				ENABLE_STRICT_OBJC_MSGSEND = YES;
				GCC_C_LANGUAGE_STANDARD = gnu99;
				GCC_NO_COMMON_BLOCKS = YES;
				GCC_WARN_64_TO_32_BIT_CONVERSION = YES;
				GCC_WARN_ABOUT_RETURN_TYPE = YES_ERROR;
				GCC_WARN_UNDECLARED_SELECTOR = YES;
				GCC_WARN_UNINITIALIZED_AUTOS = YES_AGGRESSIVE;
				GCC_WARN_UNUSED_FUNCTION = YES;
				GCC_WARN_UNUSED_VARIABLE = YES;
				IPHONEOS_DEPLOYMENT_TARGET = 8.3;
				MTL_ENABLE_DEBUG_INFO = NO;
				SDKROOT = iphoneos;
				TARGETED_DEVICE_FAMILY = "1,2";
				VALIDATE_PRODUCT = YES;
			};
			name = Release;
		};
		C191CEA41BE50E5300F9A6F4 /* Debug */ = {
			isa = XCBuildConfiguration;
			buildSettings = {
				ASSETCATALOG_COMPILER_APPICON_NAME = AppIcon;
				INFOPLIST_FILE = 123/Info.plist;
				LD_RUNPATH_SEARCH_PATHS = "$(inherited) @executable_path/Frameworks";
				PRODUCT_NAME = "$(TARGET_NAME)";
			};
			name = Debug;
		};
		C191CEA51BE50E5300F9A6F4 /* Release */ = {
			isa = XCBuildConfiguration;
			buildSettings = {
				ASSETCATALOG_COMPILER_APPICON_NAME = AppIcon;
				INFOPLIST_FILE = 123/Info.plist;
				LD_RUNPATH_SEARCH_PATHS = "$(inherited) @executable_path/Frameworks";
				PRODUCT_NAME = "$(TARGET_NAME)";
			};
			name = Release;
		};
		C191CEA71BE50E5300F9A6F4 /* Debug */ = {
			isa = XCBuildConfiguration;
			buildSettings = {
				BUNDLE_LOADER = "$(TEST_HOST)";
				FRAMEWORK_SEARCH_PATHS = (
					"$(SDKROOT)/Developer/Library/Frameworks",
					"$(inherited)",
				);
				GCC_PREPROCESSOR_DEFINITIONS = (
					"DEBUG=1",
					"$(inherited)",
				);
				INFOPLIST_FILE = 123Tests/Info.plist;
				LD_RUNPATH_SEARCH_PATHS = "$(inherited) @executable_path/Frameworks @loader_path/Frameworks";
				PRODUCT_NAME = "$(TARGET_NAME)";
				TEST_HOST = "$(BUILT_PRODUCTS_DIR)/123.app/123";
			};
			name = Debug;
		};
		C191CEA81BE50E5300F9A6F4 /* Release */ = {
			isa = XCBuildConfiguration;
			buildSettings = {
				BUNDLE_LOADER = "$(TEST_HOST)";
				FRAMEWORK_SEARCH_PATHS = (
					"$(SDKROOT)/Developer/Library/Frameworks",
					"$(inherited)",
				);
				INFOPLIST_FILE = 123Tests/Info.plist;
				LD_RUNPATH_SEARCH_PATHS = "$(inherited) @executable_path/Frameworks @loader_path/Frameworks";
				PRODUCT_NAME = "$(TARGET_NAME)";
				TEST_HOST = "$(BUILT_PRODUCTS_DIR)/123.app/123";
			};
			name = Release;
		};
/* End XCBuildConfiguration section */

/* Begin XCConfigurationList section */
		C191CE7B1BE50E5200F9A6F4 /* Build configuration list for PBXProject "123" */ = {
			isa = XCConfigurationList;
			buildConfigurations = (
				C191CEA11BE50E5300F9A6F4 /* Debug */,
				C191CEA21BE50E5300F9A6F4 /* Release */,
			);
			defaultConfigurationIsVisible = 0;
			defaultConfigurationName = Release;
		};
		C191CEA31BE50E5300F9A6F4 /* Build configuration list for PBXNativeTarget "123" */ = {
			isa = XCConfigurationList;
			buildConfigurations = (
				C191CEA41BE50E5300F9A6F4 /* Debug */,
				C191CEA51BE50E5300F9A6F4 /* Release */,
			);
			defaultConfigurationIsVisible = 0;
		};
		C191CEA61BE50E5300F9A6F4 /* Build configuration list for PBXNativeTarget "123Tests" */ = {
			isa = XCConfigurationList;
			buildConfigurations = (
				C191CEA71BE50E5300F9A6F4 /* Debug */,
				C191CEA81BE50E5300F9A6F4 /* Release */,
			);
			defaultConfigurationIsVisible = 0;
		};
/* End XCConfigurationList section */
	};
	rootObject = C191CE781BE50E5200F9A6F4 /* Project object */;
}
